
Microsoft Visual Studio Solution File, Format Version 12.00
# Visual Studio 15
VisualStudioVersion = 15.0.27130.2010
MinimumVisualStudioVersion = 10.0.40219.1
Project("{FAE04EC0-301F-11D3-BF4B-00C04F79EFBC}") = "RegistroLibrosBiblicos", "RegistroLibrosBiblicos\RegistroLibrosBiblicos.csproj", "{D2CCC7B2-E132-42EF-B4BE-69894E405D9D}"
EndProject
Global
	GlobalSection(SolutionConfigurationPlatforms) = preSolution
		Debug|Any CPU = Debug|Any CPU
		Release|Any CPU = Release|Any CPU
	EndGlobalSection
	GlobalSection(ProjectConfigurationPlatforms) = postSolution
		{D2CCC7B2-E132-42EF-B4BE-69894E405D9D}.Debug|Any CPU.ActiveCfg = Debug|Any CPU
		{D2CCC7B2-E132-42EF-B4BE-69894E405D9D}.Debug|Any CPU.Build.0 = Debug|Any CPU
		{D2CCC7B2-E132-42EF-B4BE-69894E405D9D}.Release|Any CPU.ActiveCfg = Release|Any CPU
		{D2CCC7B2-E132-42EF-B4BE-69894E405D9D}.Release|Any CPU.Build.0 = Release|Any CPU
	EndGlobalSection
	GlobalSection(SolutionProperties) = preSolution
		HideSolutionNode = FALSE
	EndGlobalSection
	GlobalSection(ExtensibilityGlobals) = postSolution
		SolutionGuid = {A652318A-4EE3-48C9-9E61-25B3CA9E7023}
	EndGlobalSection
EndGlobal
